
Microsoft Visual Studio Solution File, Format Version 12.00
# Visual Studio 15
VisualStudioVersion = 15.0.26228.9
MinimumVisualStudioVersion = 10.0.40219.1
Project("{FAE04EC0-301F-11D3-BF4B-00C04F79EFBC}") = "NetStatus.Android", "NetStatus\NetStatus.Android\NetStatus.Android.csproj", "{E0C2A81F-7CBB-4399-95C5-51AB61C1E4E3}"
EndProject
Project("{FAE04EC0-301F-11D3-BF4B-00C04F79EFBC}") = "NetStatus", "NetStatus\NetStatus\NetStatus.csproj", "{2C827E80-2AA5-417E-9CBC-2B699B066EDE}"
EndProject
Project("{FAE04EC0-301F-11D3-BF4B-00C04F79EFBC}") = "NetStatus.UWP", "NetStatus\NetStatus.UWP\NetStatus.UWP.csproj", "{85EA13E4-FD59-46A2-9B5E-6AAA6848E7A3}"
EndProject
Project("{FAE04EC0-301F-11D3-BF4B-00C04F79EFBC}") = "NetStatus.iOS", "NetStatus\NetStatus.iOS\NetStatus.iOS.csproj", "{D6D0816C-74C4-4BD2-AD21-990991E58D70}"
EndProject
Global
	GlobalSection(SolutionConfigurationPlatforms) = preSolution
		Ad-Hoc|Any CPU = Ad-Hoc|Any CPU
		Ad-Hoc|ARM = Ad-Hoc|ARM
		Ad-Hoc|iPhone = Ad-Hoc|iPhone
		Ad-Hoc|iPhoneSimulator = Ad-Hoc|iPhoneSimulator
		Ad-Hoc|x64 = Ad-Hoc|x64
		Ad-Hoc|x86 = Ad-Hoc|x86
		AppStore|Any CPU = AppStore|Any CPU
		AppStore|ARM = AppStore|ARM
		AppStore|iPhone = AppStore|iPhone
		AppStore|iPhoneSimulator = AppStore|iPhoneSimulator
		AppStore|x64 = AppStore|x64
		AppStore|x86 = AppStore|x86
		Debug|Any CPU = Debug|Any CPU
		Debug|ARM = Debug|ARM
		Debug|iPhone = Debug|iPhone
		Debug|iPhoneSimulator = Debug|iPhoneSimulator
		Debug|x64 = Debug|x64
		Debug|x86 = Debug|x86
		Release|Any CPU = Release|Any CPU
		Release|ARM = Release|ARM
		Release|iPhone = Release|iPhone
		Release|iPhoneSimulator = Release|iPhoneSimulator
		Release|x64 = Release|x64
		Release|x86 = Release|x86
	EndGlobalSection
	GlobalSection(ProjectConfigurationPlatforms) = postSolution
		{E0C2A81F-7CBB-4399-95C5-51AB61C1E4E3}.Ad-Hoc|Any CPU.ActiveCfg = Release|Any CPU
		{E0C2A81F-7CBB-4399-95C5-51AB61C1E4E3}.Ad-Hoc|Any CPU.Build.0 = Release|Any CPU
		{E0C2A81F-7CBB-4399-95C5-51AB61C1E4E3}.Ad-Hoc|Any CPU.Deploy.0 = Release|Any CPU
		{E0C2A81F-7CBB-4399-95C5-51AB61C1E4E3}.Ad-Hoc|ARM.ActiveCfg = Release|Any CPU
		{E0C2A81F-7CBB-4399-95C5-51AB61C1E4E3}.Ad-Hoc|ARM.Build.0 = Release|Any CPU
		{E0C2A81F-7CBB-4399-95C5-51AB61C1E4E3}.Ad-Hoc|ARM.Deploy.0 = Release|Any CPU
		{E0C2A81F-7CBB-4399-95C5-51AB61C1E4E3}.Ad-Hoc|iPhone.ActiveCfg = Release|Any CPU
		{E0C2A81F-7CBB-4399-95C5-51AB61C1E4E3}.Ad-Hoc|iPhone.Build.0 = Release|Any CPU
		{E0C2A81F-7CBB-4399-95C5-51AB61C1E4E3}.Ad-Hoc|iPhone.Deploy.0 = Release|Any CPU
		{E0C2A81F-7CBB-4399-95C5-51AB61C1E4E3}.Ad-Hoc|iPhoneSimulator.ActiveCfg = Release|Any CPU
		{E0C2A81F-7CBB-4399-95C5-51AB61C1E4E3}.Ad-Hoc|iPhoneSimulator.Build.0 = Release|Any CPU
		{E0C2A81F-7CBB-4399-95C5-51AB61C1E4E3}.Ad-Hoc|iPhoneSimulator.Deploy.0 = Release|Any CPU
		{E0C2A81F-7CBB-4399-95C5-51AB61C1E4E3}.Ad-Hoc|x64.ActiveCfg = Release|Any CPU
		{E0C2A81F-7CBB-4399-95C5-51AB61C1E4E3}.Ad-Hoc|x64.Build.0 = Release|Any CPU
		{E0C2A81F-7CBB-4399-95C5-51AB61C1E4E3}.Ad-Hoc|x64.Deploy.0 = Release|Any CPU
		{E0C2A81F-7CBB-4399-95C5-51AB61C1E4E3}.Ad-Hoc|x86.ActiveCfg = Release|Any CPU
		{E0C2A81F-7CBB-4399-95C5-51AB61C1E4E3}.Ad-Hoc|x86.Build.0 = Release|Any CPU
		{E0C2A81F-7CBB-4399-95C5-51AB61C1E4E3}.Ad-Hoc|x86.Deploy.0 = Release|Any CPU
		{E0C2A81F-7CBB-4399-95C5-51AB61C1E4E3}.AppStore|Any CPU.ActiveCfg = Release|Any CPU
		{E0C2A81F-7CBB-4399-95C5-51AB61C1E4E3}.AppStore|Any CPU.Build.0 = Release|Any CPU
		{E0C2A81F-7CBB-4399-95C5-51AB61C1E4E3}.AppStore|Any CPU.Deploy.0 = Release|Any CPU
		{E0C2A81F-7CBB-4399-95C5-51AB61C1E4E3}.AppStore|ARM.ActiveCfg = Release|Any CPU
		{E0C2A81F-7CBB-4399-95C5-51AB61C1E4E3}.AppStore|ARM.Build.0 = Release|Any CPU
		{E0C2A81F-7CBB-4399-95C5-51AB61C1E4E3}.AppStore|ARM.Deploy.0 = Release|Any CPU
		{E0C2A81F-7CBB-4399-95C5-51AB61C1E4E3}.AppStore|iPhone.ActiveCfg = Release|Any CPU
		{E0C2A81F-7CBB-4399-95C5-51AB61C1E4E3}.AppStore|iPhone.Build.0 = Release|Any CPU
		{E0C2A81F-7CBB-4399-95C5-51AB61C1E4E3}.AppStore|iPhone.Deploy.0 = Release|Any CPU
		{E0C2A81F-7CBB-4399-95C5-51AB61C1E4E3}.AppStore|iPhoneSimulator.ActiveCfg = Release|Any CPU
		{E0C2A81F-7CBB-4399-95C5-51AB61C1E4E3}.AppStore|iPhoneSimulator.Build.0 = Release|Any CPU
		{E0C2A81F-7CBB-4399-95C5-51AB61C1E4E3}.AppStore|iPhoneSimulator.Deploy.0 = Release|Any CPU
		{E0C2A81F-7CBB-4399-95C5-51AB61C1E4E3}.AppStore|x64.ActiveCfg = Release|Any CPU
		{E0C2A81F-7CBB-4399-95C5-51AB61C1E4E3}.AppStore|x64.Build.0 = Release|Any CPU
		{E0C2A81F-7CBB-4399-95C5-51AB61C1E4E3}.AppStore|x64.Deploy.0 = Release|Any CPU
		{E0C2A81F-7CBB-4399-95C5-51AB61C1E4E3}.AppStore|x86.ActiveCfg = Release|Any CPU
		{E0C2A81F-7CBB-4399-95C5-51AB61C1E4E3}.AppStore|x86.Build.0 = Release|Any CPU
		{E0C2A81F-7CBB-4399-95C5-51AB61C1E4E3}.AppStore|x86.Deploy.0 = Release|Any CPU
		{E0C2A81F-7CBB-4399-95C5-51AB61C1E4E3}.Debug|Any CPU.ActiveCfg = Debug|Any CPU
		{E0C2A81F-7CBB-4399-95C5-51AB61C1E4E3}.Debug|Any CPU.Build.0 = Debug|Any CPU
		{E0C2A81F-7CBB-4399-95C5-51AB61C1E4E3}.Debug|Any CPU.Deploy.0 = Debug|Any CPU
		{E0C2A81F-7CBB-4399-95C5-51AB61C1E4E3}.Debug|ARM.ActiveCfg = Debug|Any CPU
		{E0C2A81F-7CBB-4399-95C5-51AB61C1E4E3}.Debug|ARM.Build.0 = Debug|Any CPU
		{E0C2A81F-7CBB-4399-95C5-51AB61C1E4E3}.Debug|ARM.Deploy.0 = Debug|Any CPU
		{E0C2A81F-7CBB-4399-95C5-51AB61C1E4E3}.Debug|iPhone.ActiveCfg = Debug|Any CPU
		{E0C2A81F-7CBB-4399-95C5-51AB61C1E4E3}.Debug|iPhone.Build.0 = Debug|Any CPU
		{E0C2A81F-7CBB-4399-95C5-51AB61C1E4E3}.Debug|iPhone.Deploy.0 = Debug|Any CPU
		{E0C2A81F-7CBB-4399-95C5-51AB61C1E4E3}.Debug|iPhoneSimulator.ActiveCfg = Debug|Any CPU
		{E0C2A81F-7CBB-4399-95C5-51AB61C1E4E3}.Debug|iPhoneSimulator.Build.0 = Debug|Any CPU
		{E0C2A81F-7CBB-4399-95C5-51AB61C1E4E3}.Debug|iPhoneSimulator.Deploy.0 = Debug|Any CPU
		{E0C2A81F-7CBB-4399-95C5-51AB61C1E4E3}.Debug|x64.ActiveCfg = Debug|Any CPU
		{E0C2A81F-7CBB-4399-95C5-51AB61C1E4E3}.Debug|x64.Build.0 = Debug|Any CPU
		{E0C2A81F-7CBB-4399-95C5-51AB61C1E4E3}.Debug|x64.Deploy.0 = Debug|Any CPU
		{E0C2A81F-7CBB-4399-95C5-51AB61C1E4E3}.Debug|x86.ActiveCfg = Debug|Any CPU
		{E0C2A81F-7CBB-4399-95C5-51AB61C1E4E3}.Debug|x86.Build.0 = Debug|Any CPU
		{E0C2A81F-7CBB-4399-95C5-51AB61C1E4E3}.Debug|x86.Deploy.0 = Debug|Any CPU
		{E0C2A81F-7CBB-4399-95C5-51AB61C1E4E3}.Release|Any CPU.ActiveCfg = Release|Any CPU
		{E0C2A81F-7CBB-4399-95C5-51AB61C1E4E3}.Release|Any CPU.Build.0 = Release|Any CPU
		{E0C2A81F-7CBB-4399-95C5-51AB61C1E4E3}.Release|Any CPU.Deploy.0 = Release|Any CPU
		{E0C2A81F-7CBB-4399-95C5-51AB61C1E4E3}.Release|ARM.ActiveCfg = Release|Any CPU
		{E0C2A81F-7CBB-4399-95C5-51AB61C1E4E3}.Release|ARM.Build.0 = Release|Any CPU
		{E0C2A81F-7CBB-4399-95C5-51AB61C1E4E3}.Release|ARM.Deploy.0 = Release|Any CPU
		{E0C2A81F-7CBB-4399-95C5-51AB61C1E4E3}.Release|iPhone.ActiveCfg = Release|Any CPU
		{E0C2A81F-7CBB-4399-95C5-51AB61C1E4E3}.Release|iPhone.Build.0 = Release|Any CPU
		{E0C2A81F-7CBB-4399-95C5-51AB61C1E4E3}.Release|iPhone.Deploy.0 = Release|Any CPU
		{E0C2A81F-7CBB-4399-95C5-51AB61C1E4E3}.Release|iPhoneSimulator.ActiveCfg = Release|Any CPU
		{E0C2A81F-7CBB-4399-95C5-51AB61C1E4E3}.Release|iPhoneSimulator.Build.0 = Release|Any CPU
		{E0C2A81F-7CBB-4399-95C5-51AB61C1E4E3}.Release|iPhoneSimulator.Deploy.0 = Release|Any CPU
		{E0C2A81F-7CBB-4399-95C5-51AB61C1E4E3}.Release|x64.ActiveCfg = Release|Any CPU
		{E0C2A81F-7CBB-4399-95C5-51AB61C1E4E3}.Release|x64.Build.0 = Release|Any CPU
		{E0C2A81F-7CBB-4399-95C5-51AB61C1E4E3}.Release|x64.Deploy.0 = Release|Any CPU
		{E0C2A81F-7CBB-4399-95C5-51AB61C1E4E3}.Release|x86.ActiveCfg = Release|Any CPU
		{E0C2A81F-7CBB-4399-95C5-51AB61C1E4E3}.Release|x86.Build.0 = Release|Any CPU
		{E0C2A81F-7CBB-4399-95C5-51AB61C1E4E3}.Release|x86.Deploy.0 = Release|Any CPU
		{2C827E80-2AA5-417E-9CBC-2B699B066EDE}.Ad-Hoc|Any CPU.ActiveCfg = Release|Any CPU
		{2C827E80-2AA5-417E-9CBC-2B699B066EDE}.Ad-Hoc|Any CPU.Build.0 = Release|Any CPU
		{2C827E80-2AA5-417E-9CBC-2B699B066EDE}.Ad-Hoc|ARM.ActiveCfg = Release|Any CPU
		{2C827E80-2AA5-417E-9CBC-2B699B066EDE}.Ad-Hoc|ARM.Build.0 = Release|Any CPU
		{2C827E80-2AA5-417E-9CBC-2B699B066EDE}.Ad-Hoc|iPhone.ActiveCfg = Release|Any CPU
		{2C827E80-2AA5-417E-9CBC-2B699B066EDE}.Ad-Hoc|iPhone.Build.0 = Release|Any CPU
		{2C827E80-2AA5-417E-9CBC-2B699B066EDE}.Ad-Hoc|iPhoneSimulator.ActiveCfg = Release|Any CPU
		{2C827E80-2AA5-417E-9CBC-2B699B066EDE}.Ad-Hoc|iPhoneSimulator.Build.0 = Release|Any CPU
		{2C827E80-2AA5-417E-9CBC-2B699B066EDE}.Ad-Hoc|x64.ActiveCfg = Release|Any CPU
		{2C827E80-2AA5-417E-9CBC-2B699B066EDE}.Ad-Hoc|x64.Build.0 = Release|Any CPU
		{2C827E80-2AA5-417E-9CBC-2B699B066EDE}.Ad-Hoc|x86.ActiveCfg = Release|Any CPU
		{2C827E80-2AA5-417E-9CBC-2B699B066EDE}.Ad-Hoc|x86.Build.0 = Release|Any CPU
		{2C827E80-2AA5-417E-9CBC-2B699B066EDE}.AppStore|Any CPU.ActiveCfg = Release|Any CPU
		{2C827E80-2AA5-417E-9CBC-2B699B066EDE}.AppStore|Any CPU.Build.0 = Release|Any CPU
		{2C827E80-2AA5-417E-9CBC-2B699B066EDE}.AppStore|ARM.ActiveCfg = Release|Any CPU
		{2C827E80-2AA5-417E-9CBC-2B699B066EDE}.AppStore|ARM.Build.0 = Release|Any CPU
		{2C827E80-2AA5-417E-9CBC-2B699B066EDE}.AppStore|iPhone.ActiveCfg = Release|Any CPU
		{2C827E80-2AA5-417E-9CBC-2B699B066EDE}.AppStore|iPhone.Build.0 = Release|Any CPU
		{2C827E80-2AA5-417E-9CBC-2B699B066EDE}.AppStore|iPhoneSimulator.ActiveCfg = Release|Any CPU
		{2C827E80-2AA5-417E-9CBC-2B699B066EDE}.AppStore|iPhoneSimulator.Build.0 = Release|Any CPU
		{2C827E80-2AA5-417E-9CBC-2B699B066EDE}.AppStore|x64.ActiveCfg = Release|Any CPU
		{2C827E80-2AA5-417E-9CBC-2B699B066EDE}.AppStore|x64.Build.0 = Release|Any CPU
		{2C827E80-2AA5-417E-9CBC-2B699B066EDE}.AppStore|x86.ActiveCfg = Release|Any CPU
		{2C827E80-2AA5-417E-9CBC-2B699B066EDE}.AppStore|x86.Build.0 = Release|Any CPU
		{2C827E80-2AA5-417E-9CBC-2B699B066EDE}.Debug|Any CPU.ActiveCfg = Debug|Any CPU
		{2C827E80-2AA5-417E-9CBC-2B699B066EDE}.Debug|Any CPU.Build.0 = Debug|Any CPU
		{2C827E80-2AA5-417E-9CBC-2B699B066EDE}.Debug|ARM.ActiveCfg = Debug|Any CPU
		{2C827E80-2AA5-417E-9CBC-2B699B066EDE}.Debug|ARM.Build.0 = Debug|Any CPU
		{2C827E80-2AA5-417E-9CBC-2B699B066EDE}.Debug|iPhone.ActiveCfg = Debug|Any CPU
		{2C827E80-2AA5-417E-9CBC-2B699B066EDE}.Debug|iPhone.Build.0 = Debug|Any CPU
		{2C827E80-2AA5-417E-9CBC-2B699B066EDE}.Debug|iPhoneSimulator.ActiveCfg = Debug|Any CPU
		{2C827E80-2AA5-417E-9CBC-2B699B066EDE}.Debug|iPhoneSimulator.Build.0 = Debug|Any CPU
		{2C827E80-2AA5-417E-9CBC-2B699B066EDE}.Debug|x64.ActiveCfg = Debug|Any CPU
		{2C827E80-2AA5-417E-9CBC-2B699B066EDE}.Debug|x64.Build.0 = Debug|Any CPU
		{2C827E80-2AA5-417E-9CBC-2B699B066EDE}.Debug|x86.ActiveCfg = Debug|Any CPU
		{2C827E80-2AA5-417E-9CBC-2B699B066EDE}.Debug|x86.Build.0 = Debug|Any CPU
		{2C827E80-2AA5-417E-9CBC-2B699B066EDE}.Release|Any CPU.ActiveCfg = Release|Any CPU
		{2C827E80-2AA5-417E-9CBC-2B699B066EDE}.Release|Any CPU.Build.0 = Release|Any CPU
		{2C827E80-2AA5-417E-9CBC-2B699B066EDE}.Release|ARM.ActiveCfg = Release|Any CPU
		{2C827E80-2AA5-417E-9CBC-2B699B066EDE}.Release|ARM.Build.0 = Release|Any CPU
		{2C827E80-2AA5-417E-9CBC-2B699B066EDE}.Release|iPhone.ActiveCfg = Release|Any CPU
		{2C827E80-2AA5-417E-9CBC-2B699B066EDE}.Release|iPhone.Build.0 = Release|Any CPU
		{2C827E80-2AA5-417E-9CBC-2B699B066EDE}.Release|iPhoneSimulator.ActiveCfg = Release|Any CPU
		{2C827E80-2AA5-417E-9CBC-2B699B066EDE}.Release|iPhoneSimulator.Build.0 = Release|Any CPU
		{2C827E80-2AA5-417E-9CBC-2B699B066EDE}.Release|x64.ActiveCfg = Release|Any CPU
		{2C827E80-2AA5-417E-9CBC-2B699B066EDE}.Release|x64.Build.0 = Release|Any CPU
		{2C827E80-2AA5-417E-9CBC-2B699B066EDE}.Release|x86.ActiveCfg = Release|Any CPU
		{2C827E80-2AA5-417E-9CBC-2B699B066EDE}.Release|x86.Build.0 = Release|Any CPU
		{85EA13E4-FD59-46A2-9B5E-6AAA6848E7A3}.Ad-Hoc|Any CPU.ActiveCfg = Release|x86
		{85EA13E4-FD59-46A2-9B5E-6AAA6848E7A3}.Ad-Hoc|Any CPU.Build.0 = Release|x86
		{85EA13E4-FD59-46A2-9B5E-6AAA6848E7A3}.Ad-Hoc|Any CPU.Deploy.0 = Release|x86
		{85EA13E4-FD59-46A2-9B5E-6AAA6848E7A3}.Ad-Hoc|ARM.ActiveCfg = Release|ARM
		{85EA13E4-FD59-46A2-9B5E-6AAA6848E7A3}.Ad-Hoc|ARM.Build.0 = Release|ARM
		{85EA13E4-FD59-46A2-9B5E-6AAA6848E7A3}.Ad-Hoc|ARM.Deploy.0 = Release|ARM
		{85EA13E4-FD59-46A2-9B5E-6AAA6848E7A3}.Ad-Hoc|iPhone.ActiveCfg = Release|x86
		{85EA13E4-FD59-46A2-9B5E-6AAA6848E7A3}.Ad-Hoc|iPhone.Build.0 = Release|x86
		{85EA13E4-FD59-46A2-9B5E-6AAA6848E7A3}.Ad-Hoc|iPhone.Deploy.0 = Release|x86
		{85EA13E4-FD59-46A2-9B5E-6AAA6848E7A3}.Ad-Hoc|iPhoneSimulator.ActiveCfg = Release|x86
		{85EA13E4-FD59-46A2-9B5E-6AAA6848E7A3}.Ad-Hoc|iPhoneSimulator.Build.0 = Release|x86
		{85EA13E4-FD59-46A2-9B5E-6AAA6848E7A3}.Ad-Hoc|iPhoneSimulator.Deploy.0 = Release|x86
		{85EA13E4-FD59-46A2-9B5E-6AAA6848E7A3}.Ad-Hoc|x64.ActiveCfg = Release|x64
		{85EA13E4-FD59-46A2-9B5E-6AAA6848E7A3}.Ad-Hoc|x64.Build.0 = Release|x64
		{85EA13E4-FD59-46A2-9B5E-6AAA6848E7A3}.Ad-Hoc|x64.Deploy.0 = Release|x64
		{85EA13E4-FD59-46A2-9B5E-6AAA6848E7A3}.Ad-Hoc|x86.ActiveCfg = Release|x86
		{85EA13E4-FD59-46A2-9B5E-6AAA6848E7A3}.Ad-Hoc|x86.Build.0 = Release|x86
		{85EA13E4-FD59-46A2-9B5E-6AAA6848E7A3}.Ad-Hoc|x86.Deploy.0 = Release|x86
		{85EA13E4-FD59-46A2-9B5E-6AAA6848E7A3}.AppStore|Any CPU.ActiveCfg = Release|x86
		{85EA13E4-FD59-46A2-9B5E-6AAA6848E7A3}.AppStore|Any CPU.Build.0 = Release|x86
		{85EA13E4-FD59-46A2-9B5E-6AAA6848E7A3}.AppStore|Any CPU.Deploy.0 = Release|x86
		{85EA13E4-FD59-46A2-9B5E-6AAA6848E7A3}.AppStore|ARM.ActiveCfg = Release|ARM
		{85EA13E4-FD59-46A2-9B5E-6AAA6848E7A3}.AppStore|ARM.Build.0 = Release|ARM
		{85EA13E4-FD59-46A2-9B5E-6AAA6848E7A3}.AppStore|ARM.Deploy.0 = Release|ARM
		{85EA13E4-FD59-46A2-9B5E-6AAA6848E7A3}.AppStore|iPhone.ActiveCfg = Release|x86
		{85EA13E4-FD59-46A2-9B5E-6AAA6848E7A3}.AppStore|iPhone.Build.0 = Release|x86
		{85EA13E4-FD59-46A2-9B5E-6AAA6848E7A3}.AppStore|iPhone.Deploy.0 = Release|x86
		{85EA13E4-FD59-46A2-9B5E-6AAA6848E7A3}.AppStore|iPhoneSimulator.ActiveCfg = Release|x86
		{85EA13E4-FD59-46A2-9B5E-6AAA6848E7A3}.AppStore|iPhoneSimulator.Build.0 = Release|x86
		{85EA13E4-FD59-46A2-9B5E-6AAA6848E7A3}.AppStore|iPhoneSimulator.Deploy.0 = Release|x86
		{85EA13E4-FD59-46A2-9B5E-6AAA6848E7A3}.AppStore|x64.ActiveCfg = Release|x64
		{85EA13E4-FD59-46A2-9B5E-6AAA6848E7A3}.AppStore|x64.Build.0 = Release|x64
		{85EA13E4-FD59-46A2-9B5E-6AAA6848E7A3}.AppStore|x64.Deploy.0 = Release|x64
		{85EA13E4-FD59-46A2-9B5E-6AAA6848E7A3}.AppStore|x86.ActiveCfg = Release|x86
		{85EA13E4-FD59-46A2-9B5E-6AAA6848E7A3}.AppStore|x86.Build.0 = Release|x86
		{85EA13E4-FD59-46A2-9B5E-6AAA6848E7A3}.AppStore|x86.Deploy.0 = Release|x86
		{85EA13E4-FD59-46A2-9B5E-6AAA6848E7A3}.Debug|Any CPU.ActiveCfg = Debug|x86
		{85EA13E4-FD59-46A2-9B5E-6AAA6848E7A3}.Debug|ARM.ActiveCfg = Debug|ARM
		{85EA13E4-FD59-46A2-9B5E-6AAA6848E7A3}.Debug|ARM.Build.0 = Debug|ARM
		{85EA13E4-FD59-46A2-9B5E-6AAA6848E7A3}.Debug|ARM.Deploy.0 = Debug|ARM
		{85EA13E4-FD59-46A2-9B5E-6AAA6848E7A3}.Debug|iPhone.ActiveCfg = Debug|x86
		{85EA13E4-FD59-46A2-9B5E-6AAA6848E7A3}.Debug|iPhoneSimulator.ActiveCfg = Debug|x86
		{85EA13E4-FD59-46A2-9B5E-6AAA6848E7A3}.Debug|x64.ActiveCfg = Debug|x64
		{85EA13E4-FD59-46A2-9B5E-6AAA6848E7A3}.Debug|x64.Build.0 = Debug|x64
		{85EA13E4-FD59-46A2-9B5E-6AAA6848E7A3}.Debug|x64.Deploy.0 = Debug|x64
		{85EA13E4-FD59-46A2-9B5E-6AAA6848E7A3}.Debug|x86.ActiveCfg = Debug|x86
		{85EA13E4-FD59-46A2-9B5E-6AAA6848E7A3}.Debug|x86.Build.0 = Debug|x86
		{85EA13E4-FD59-46A2-9B5E-6AAA6848E7A3}.Debug|x86.Deploy.0 = Debug|x86
		{85EA13E4-FD59-46A2-9B5E-6AAA6848E7A3}.Release|Any CPU.ActiveCfg = Release|x86
		{85EA13E4-FD59-46A2-9B5E-6AAA6848E7A3}.Release|ARM.ActiveCfg = Release|ARM
		{85EA13E4-FD59-46A2-9B5E-6AAA6848E7A3}.Release|ARM.Build.0 = Release|ARM
		{85EA13E4-FD59-46A2-9B5E-6AAA6848E7A3}.Release|ARM.Deploy.0 = Release|ARM
		{85EA13E4-FD59-46A2-9B5E-6AAA6848E7A3}.Release|iPhone.ActiveCfg = Release|x86
		{85EA13E4-FD59-46A2-9B5E-6AAA6848E7A3}.Release|iPhoneSimulator.ActiveCfg = Release|x86
		{85EA13E4-FD59-46A2-9B5E-6AAA6848E7A3}.Release|x64.ActiveCfg = Release|x64
		{85EA13E4-FD59-46A2-9B5E-6AAA6848E7A3}.Release|x64.Build.0 = Release|x64
		{85EA13E4-FD59-46A2-9B5E-6AAA6848E7A3}.Release|x64.Deploy.0 = Release|x64
		{85EA13E4-FD59-46A2-9B5E-6AAA6848E7A3}.Release|x86.ActiveCfg = Release|x86
		{85EA13E4-FD59-46A2-9B5E-6AAA6848E7A3}.Release|x86.Build.0 = Release|x86
		{85EA13E4-FD59-46A2-9B5E-6AAA6848E7A3}.Release|x86.Deploy.0 = Release|x86
		{D6D0816C-74C4-4BD2-AD21-990991E58D70}.Ad-Hoc|Any CPU.ActiveCfg = Ad-Hoc|iPhone
		{D6D0816C-74C4-4BD2-AD21-990991E58D70}.Ad-Hoc|ARM.ActiveCfg = Ad-Hoc|iPhone
		{D6D0816C-74C4-4BD2-AD21-990991E58D70}.Ad-Hoc|iPhone.ActiveCfg = Ad-Hoc|iPhone
		{D6D0816C-74C4-4BD2-AD21-990991E58D70}.Ad-Hoc|iPhone.Build.0 = Ad-Hoc|iPhone
		{D6D0816C-74C4-4BD2-AD21-990991E58D70}.Ad-Hoc|iPhoneSimulator.ActiveCfg = Ad-Hoc|iPhoneSimulator
		{D6D0816C-74C4-4BD2-AD21-990991E58D70}.Ad-Hoc|iPhoneSimulator.Build.0 = Ad-Hoc|iPhoneSimulator
		{D6D0816C-74C4-4BD2-AD21-990991E58D70}.Ad-Hoc|x64.ActiveCfg = Ad-Hoc|iPhone
		{D6D0816C-74C4-4BD2-AD21-990991E58D70}.Ad-Hoc|x86.ActiveCfg = Ad-Hoc|iPhone
		{D6D0816C-74C4-4BD2-AD21-990991E58D70}.AppStore|Any CPU.ActiveCfg = AppStore|iPhone
		{D6D0816C-74C4-4BD2-AD21-990991E58D70}.AppStore|ARM.ActiveCfg = AppStore|iPhone
		{D6D0816C-74C4-4BD2-AD21-990991E58D70}.AppStore|iPhone.ActiveCfg = AppStore|iPhone
		{D6D0816C-74C4-4BD2-AD21-990991E58D70}.AppStore|iPhone.Build.0 = AppStore|iPhone
		{D6D0816C-74C4-4BD2-AD21-990991E58D70}.AppStore|iPhoneSimulator.ActiveCfg = AppStore|iPhoneSimulator
		{D6D0816C-74C4-4BD2-AD21-990991E58D70}.AppStore|iPhoneSimulator.Build.0 = AppStore|iPhoneSimulator
		{D6D0816C-74C4-4BD2-AD21-990991E58D70}.AppStore|x64.ActiveCfg = AppStore|iPhone
		{D6D0816C-74C4-4BD2-AD21-990991E58D70}.AppStore|x86.ActiveCfg = AppStore|iPhone
		{D6D0816C-74C4-4BD2-AD21-990991E58D70}.Debug|Any CPU.ActiveCfg = Debug|iPhone
		{D6D0816C-74C4-4BD2-AD21-990991E58D70}.Debug|ARM.ActiveCfg = Debug|iPhone
		{D6D0816C-74C4-4BD2-AD21-990991E58D70}.Debug|iPhone.ActiveCfg = Debug|iPhone
		{D6D0816C-74C4-4BD2-AD21-990991E58D70}.Debug|iPhone.Build.0 = Debug|iPhone
		{D6D0816C-74C4-4BD2-AD21-990991E58D70}.Debug|iPhoneSimulator.ActiveCfg = Debug|iPhoneSimulator
		{D6D0816C-74C4-4BD2-AD21-990991E58D70}.Debug|iPhoneSimulator.Build.0 = Debug|iPhoneSimulator
		{D6D0816C-74C4-4BD2-AD21-990991E58D70}.Debug|x64.ActiveCfg = Debug|iPhone
		{D6D0816C-74C4-4BD2-AD21-990991E58D70}.Debug|x86.ActiveCfg = Debug|iPhone
		{D6D0816C-74C4-4BD2-AD21-990991E58D70}.Release|Any CPU.ActiveCfg = Release|iPhone
		{D6D0816C-74C4-4BD2-AD21-990991E58D70}.Release|ARM.ActiveCfg = Release|iPhone
		{D6D0816C-74C4-4BD2-AD21-990991E58D70}.Release|iPhone.ActiveCfg = Release|iPhone
		{D6D0816C-74C4-4BD2-AD21-990991E58D70}.Release|iPhone.Build.0 = Release|iPhone
		{D6D0816C-74C4-4BD2-AD21-990991E58D70}.Release|iPhoneSimulator.ActiveCfg = Release|iPhoneSimulator
		{D6D0816C-74C4-4BD2-AD21-990991E58D70}.Release|iPhoneSimulator.Build.0 = Release|iPhoneSimulator
		{D6D0816C-74C4-4BD2-AD21-990991E58D70}.Release|x64.ActiveCfg = Release|iPhone
		{D6D0816C-74C4-4BD2-AD21-990991E58D70}.Release|x86.ActiveCfg = Release|iPhone
	EndGlobalSection
	GlobalSection(SolutionProperties) = preSolution
		HideSolutionNode = FALSE
	EndGlobalSection
EndGlobal
